<?xml version="1.0" encoding="utf-8"?>
<Project ToolsVersion="4.0" xmlns="http://schemas.microsoft.com/developer/msbuild/2003">
  <ItemGroup>
    <Filter Include="Source Files">
      <UniqueIdentifier>{4FC737F1-C7A5-4376-A066-2A32D752A2FF}</UniqueIdentifier>
      <Extensions>cpp;cxx;c;def</Extensions>
    </Filter>
    <Filter Include="Header Files">
      <UniqueIdentifier>{93995380-89BD-4b04-88EB-625FBE52EBFB}</UniqueIdentifier>
      <Extensions>h</Extensions>
    </Filter>
    <Filter Include="Form Files">
      <UniqueIdentifier>{99349809-55BA-4b9d-BF79-8FDBB0286EB3}</UniqueIdentifier>
      <Extensions>ui</Extensions>
    </Filter>
    <Filter Include="Resource Files">
      <UniqueIdentifier>{D9D6E242-F8AF-46E4-B9FD-80ECBC20BA3E}</UniqueIdentifier>
      <Extensions>qrc;*</Extensions>
      <ParseFiles>false</ParseFiles>
    </Filter>
    <Filter Include="Generated Files">
      <UniqueIdentifier>{71ED8ED8-ACB9-4CE9-BBE1-E00B30144E11}</UniqueIdentifier>
      <Extensions>moc;h;cpp</Extensions>
      <SourceControlFiles>False</SourceControlFiles>
    </Filter>
    <Filter Include="Generated Files\Debug">
      <UniqueIdentifier>{46eceb08-bf7d-4115-b831-d794404b5ed4}</UniqueIdentifier>
      <Extensions>cpp;moc</Extensions>
      <SourceControlFiles>False</SourceControlFiles>
    </Filter>
    <Filter Include="Generated Files\Release">
      <UniqueIdentifier>{029ee23b-4548-4a91-a420-62a053802c4e}</UniqueIdentifier>
      <Extensions>cpp;moc</Extensions>
      <SourceControlFiles>False</SourceControlFiles>
    </Filter>
  </ItemGroup>
  <ItemGroup>
    <ClCompile Include="main.cpp">
      <Filter>Source Files</Filter>
    </ClCompile>
    <ClCompile Include="jrtest12.cpp">
      <Filter>Source Files</Filter>
    </ClCompile>
    <ClCompile Include="GeneratedFiles\Debug\moc_jrtest12.cpp">
      <Filter>Generated Files\Debug</Filter>
    </ClCompile>
    <ClCompile Include="GeneratedFiles\Release\moc_jrtest12.cpp">
      <Filter>Generated Files\Release</Filter>
    </ClCompile>
    <ClCompile Include="GeneratedFiles\qrc_jrtest12.cpp">
      <Filter>Generated Files</Filter>
    </ClCompile>
    <ClCompile Include="GeneratedFiles\Debug\moc_BehaviourManager.cpp">
      <Filter>Generated Files\Debug</Filter>
    </ClCompile>
    <ClCompile Include="GeneratedFiles\Release\moc_BehaviourManager.cpp">
      <Filter>Generated Files\Release</Filter>
    </ClCompile>
    <ClCompile Include="GeneratedFiles\Debug\moc_JRManager.cpp">
      <Filter>Generated Files\Debug</Filter>
    </ClCompile>
    <ClCompile Include="GeneratedFiles\Release\moc_JRManager.cpp">
      <Filter>Generated Files\Release</Filter>
    </ClCompile>
    <ClCompile Include="BattleDataManager.cpp">
      <Filter>Source Files</Filter>
    </ClCompile>
    <ClCompile Include="BehaviourManager.cpp">
      <Filter>Source Files</Filter>
    </ClCompile>
    <ClCompile Include="Commen.cpp">
      <Filter>Source Files</Filter>
    </ClCompile>
    <ClCompile Include="ErrorManager.cpp">
      <Filter>Source Files</Filter>
    </ClCompile>
    <ClCompile Include="handleCampaignData.cpp">
      <Filter>Source Files</Filter>
    </ClCompile>
    <ClCompile Include="handleChangeEquipmentData.cpp">
      <Filter>Source Files</Filter>
    </ClCompile>
    <ClCompile Include="handleCheckPvpStatusData.cpp">
      <Filter>Source Files</Filter>
    </ClCompile>
    <ClCompile Include="handleCheckSpoilsShopData.cpp">
      <Filter>Source Files</Filter>
    </ClCompile>
    <ClCompile Include="handleCreateFleetData.cpp">
      <Filter>Source Files</Filter>
    </ClCompile>
    <ClCompile Include="handleDismantleData.cpp">
      <Filter>Source Files</Filter>
    </ClCompile>
    <ClCompile Include="handleGetCampaignFleetData.cpp">
      <Filter>Source Files</Filter>
    </ClCompile>
    <ClCompile Include="handleGetInitializationDataData.cpp">
      <Filter>Source Files</Filter>
    </ClCompile>
    <ClCompile Include="handleGetLoginAwardData.cpp">
      <Filter>Source Files</Filter>
    </ClCompile>
    <ClCompile Include="handleGetTaskAwardData.cpp">
      <Filter>Source Files</Filter>
    </ClCompile>
    <ClCompile Include="handleInstantRepairMultiShipData.cpp">
      <Filter>Source Files</Filter>
    </ClCompile>
    <ClCompile Include="handleLoginData.cpp">
      <Filter>Source Files</Filter>
    </ClCompile>
    <ClCompile Include="handlePveExploreCompleteData.cpp">
      <Filter>Source Files</Filter>
    </ClCompile>
    <ClCompile Include="handlePveExploreStartData.cpp">
      <Filter>Source Files</Filter>
    </ClCompile>
    <ClCompile Include="handlePveWarData.cpp">
      <Filter>Source Files</Filter>
    </ClCompile>
    <ClCompile Include="handlePvpWarData.cpp">
      <Filter>Source Files</Filter>
    </ClCompile>
    <ClCompile Include="handleRemoveEquipmentData.cpp">
      <Filter>Source Files</Filter>
    </ClCompile>
    <ClCompile Include="handleRepairShipCompleteData.cpp">
      <Filter>Source Files</Filter>
    </ClCompile>
    <ClCompile Include="handleRepairShipStartData.cpp">
      <Filter>Source Files</Filter>
    </ClCompile>
    <ClCompile Include="handleSupplyBoatData.cpp">
      <Filter>Source Files</Filter>
    </ClCompile>
    <ClCompile Include="handleSupplyMultiBoatData.cpp">
      <Filter>Source Files</Filter>
    </ClCompile>
    <ClCompile Include="InitDataManager.cpp">
      <Filter>Source Files</Filter>
    </ClCompile>
    <ClCompile Include="JRManager.cpp">
      <Filter>Source Files</Filter>
    </ClCompile>
    <ClCompile Include="parseCampaignData.cpp">
      <Filter>Source Files</Filter>
    </ClCompile>
    <ClCompile Include="parseChangeEquipmentData.cpp">
      <Filter>Source Files</Filter>
    </ClCompile>
    <ClCompile Include="parseCheckPvpStatusData.cpp">
      <Filter>Source Files</Filter>
    </ClCompile>
    <ClCompile Include="parseCheckSpoilsShopData.cpp">
      <Filter>Source Files</Filter>
    </ClCompile>
    <ClCompile Include="parseCreateFleetData.cpp">
      <Filter>Source Files</Filter>
    </ClCompile>
    <ClCompile Include="parseDismantleData.cpp">
      <Filter>Source Files</Filter>
    </ClCompile>
    <ClCompile Include="parseGetCampaignFleetData.cpp">
      <Filter>Source Files</Filter>
    </ClCompile>
    <ClCompile Include="parseGetInitializationDataData.cpp">
      <Filter>Source Files</Filter>
    </ClCompile>
    <ClCompile Include="parseGetLoginAwardData.cpp">
      <Filter>Source Files</Filter>
    </ClCompile>
    <ClCompile Include="parseGetTaskAwardData.cpp">
      <Filter>Source Files</Filter>
    </ClCompile>
    <ClCompile Include="parseInstantRepairMultiShipData.cpp">
      <Filter>Source Files</Filter>
    </ClCompile>
    <ClCompile Include="parseLoginData.cpp">
      <Filter>Source Files</Filter>
    </ClCompile>
    <ClCompile Include="parsePveExploreCompleteData.cpp">
      <Filter>Source Files</Filter>
    </ClCompile>
    <ClCompile Include="parsePveExploreStartData.cpp">
      <Filter>Source Files</Filter>
    </ClCompile>
    <ClCompile Include="parsePveWarData.cpp">
      <Filter>Source Files</Filter>
    </ClCompile>
    <ClCompile Include="parsePvpWarData.cpp">
      <Filter>Source Files</Filter>
    </ClCompile>
    <ClCompile Include="parseRemoveEquipmentData.cpp">
      <Filter>Source Files</Filter>
    </ClCompile>
    <ClCompile Include="parseRepairShipCompleteData.cpp">
      <Filter>Source Files</Filter>
    </ClCompile>
    <ClCompile Include="parseRepairShipStartData.cpp">
      <Filter>Source Files</Filter>
    </ClCompile>
    <ClCompile Include="parseSupplyBoatData.cpp">
      <Filter>Source Files</Filter>
    </ClCompile>
    <ClCompile Include="parseSupplyMultiBoatData.cpp">
      <Filter>Source Files</Filter>
    </ClCompile>
    <ClCompile Include="sendCampaignRequest.cpp">
      <Filter>Source Files</Filter>
    </ClCompile>
    <ClCompile Include="sendChangeEquipmentRequest.cpp">
      <Filter>Source Files</Filter>
    </ClCompile>
    <ClCompile Include="sendCheckPvpStatusRequest.cpp">
      <Filter>Source Files</Filter>
    </ClCompile>
    <ClCompile Include="sendCheckSpoilsShopRequest.cpp">
      <Filter>Source Files</Filter>
    </ClCompile>
    <ClCompile Include="sendCreateFleetRequest.cpp">
      <Filter>Source Files</Filter>
    </ClCompile>
    <ClCompile Include="sendDismantleRequest.cpp">
      <Filter>Source Files</Filter>
    </ClCompile>
    <ClCompile Include="sendGetCampaignFleetRequest.cpp">
      <Filter>Source Files</Filter>
    </ClCompile>
    <ClCompile Include="sendGetInitializationDataRequest.cpp">
      <Filter>Source Files</Filter>
    </ClCompile>
    <ClCompile Include="sendGetLoginAwardRequest.cpp">
      <Filter>Source Files</Filter>
    </ClCompile>
    <ClCompile Include="sendGetTaskAwardRequest.cpp">
      <Filter>Source Files</Filter>
    </ClCompile>
    <ClCompile Include="sendInstantRepairMultiShipRequest.cpp">
      <Filter>Source Files</Filter>
    </ClCompile>
    <ClCompile Include="sendLoginRequest.cpp">
      <Filter>Source Files</Filter>
    </ClCompile>
    <ClCompile Include="sendPveExploreCompleteRequest.cpp">
      <Filter>Source Files</Filter>
    </ClCompile>
    <ClCompile Include="sendPveExploreStartRequest.cpp">
      <Filter>Source Files</Filter>
    </ClCompile>
    <ClCompile Include="sendPveWarRequest.cpp">
      <Filter>Source Files</Filter>
    </ClCompile>
    <ClCompile Include="sendPvpWarRequest.cpp">
      <Filter>Source Files</Filter>
    </ClCompile>
    <ClCompile Include="sendRemoveEquipmentRequest.cpp">
      <Filter>Source Files</Filter>
    </ClCompile>
    <ClCompile Include="sendRepairShipCompleteRequest.cpp">
      <Filter>Source Files</Filter>
    </ClCompile>
    <ClCompile Include="sendRepairShipStartRequest.cpp">
      <Filter>Source Files</Filter>
    </ClCompile>
    <ClCompile Include="sendSupplyBoatRequest.cpp">
      <Filter>Source Files</Filter>
    </ClCompile>
    <ClCompile Include="sendSupplyMultiBoatRequest.cpp">
      <Filter>Source Files</Filter>
    </ClCompile>
    <ClCompile Include="UserDataManager.cpp">
      <Filter>Source Files</Filter>
    </ClCompile>
    <ClCompile Include="sendWLTRequest.cpp">
      <Filter>Source Files</Filter>
    </ClCompile>
    <ClCompile Include="parseWLTData.cpp">
      <Filter>Source Files</Filter>
    </ClCompile>
    <ClCompile Include="handleWLTRequestData.cpp">
      <Filter>Source Files</Filter>
    </ClCompile>
  </ItemGroup>
  <ItemGroup>
    <CustomBuild Include="jrtest12.h">
      <Filter>Header Files</Filter>
    </CustomBuild>
    <CustomBuild Include="jrtest12.ui">
      <Filter>Form Files</Filter>
    </CustomBuild>
    <CustomBuild Include="jrtest12.qrc">
      <Filter>Resource Files</Filter>
    </CustomBuild>
    <CustomBuild Include="BehaviourManager.h">
      <Filter>Header Files</Filter>
    </CustomBuild>
    <CustomBuild Include="JRManager.h">
      <Filter>Header Files</Filter>
    </CustomBuild>
  </ItemGroup>
  <ItemGroup>
    <ClInclude Include="GeneratedFiles\ui_jrtest12.h">
      <Filter>Generated Files</Filter>
    </ClInclude>
    <ClInclude Include="ErrorManager.h">
      <Filter>Header Files</Filter>
    </ClInclude>
    <ClInclude Include="InitDataManager.h">
      <Filter>Header Files</Filter>
    </ClInclude>
    <ClInclude Include="Commen.h">
      <Filter>Header Files</Filter>
    </ClInclude>
    <ClInclude Include="BattleDataManager.h">
      <Filter>Header Files</Filter>
    </ClInclude>
    <ClInclude Include="UserDataManager.h">
      <Filter>Header Files</Filter>
    </ClInclude>
  </ItemGroup>
</Project>